
Microsoft Visual Studio Solution File, Format Version 12.00
Project("{FAE04EC0-301F-11D3-BF4B-00C04F79EFBC}") = "IdentityServer.Demo", "src\IdentityServer.Demo\IdentityServer.Demo.csproj", "{9FB230A7-2FC4-4CB8-9BDD-4BBFB3C9A224}"
EndProject
Project("{2150E333-8FDC-42A3-9474-1A3956D46DE8}") = "doc", "doc", "{4D2FC062-9E95-4F78-8541-8F59EF8B4990}"
	ProjectSection(SolutionItems) = preProject
		README.md = README.md
	EndProjectSection
EndProject
Project("{2150E333-8FDC-42A3-9474-1A3956D46DE8}") = "config", "config", "{1452941C-F1E7-49BF-AC64-5B5FD17F3208}"
	ProjectSection(SolutionItems) = preProject
		Directory.Build.props = Directory.Build.props
		global.json = global.json
		stylecop.json = stylecop.json
		.gitattributes = .gitattributes
		.gitignore = .gitignore
	EndProjectSection
EndProject
Global
	GlobalSection(SolutionConfigurationPlatforms) = preSolution
		Debug|Any CPU = Debug|Any CPU
		Release|Any CPU = Release|Any CPU
	EndGlobalSection
	GlobalSection(ProjectConfigurationPlatforms) = postSolution
		{9FB230A7-2FC4-4CB8-9BDD-4BBFB3C9A224}.Debug|Any CPU.ActiveCfg = Debug|Any CPU
		{9FB230A7-2FC4-4CB8-9BDD-4BBFB3C9A224}.Debug|Any CPU.Build.0 = Debug|Any CPU
		{9FB230A7-2FC4-4CB8-9BDD-4BBFB3C9A224}.Release|Any CPU.ActiveCfg = Release|Any CPU
		{9FB230A7-2FC4-4CB8-9BDD-4BBFB3C9A224}.Release|Any CPU.Build.0 = Release|Any CPU
	EndGlobalSection
EndGlobal
