
Microsoft Visual Studio Solution File, Format Version 12.00
Project("{FAE04EC0-301F-11D3-BF4B-00C04F79EFBC}") = "IdentityServer.Demo", "src\IdentityServer.Demo\IdentityServer.Demo.csproj", "{9FB230A7-2FC4-4CB8-9BDD-4BBFB3C9A224}"
EndProject
Global
	GlobalSection(SolutionConfigurationPlatforms) = preSolution
		Debug|Any CPU = Debug|Any CPU
		Release|Any CPU = Release|Any CPU
	EndGlobalSection
	GlobalSection(ProjectConfigurationPlatforms) = postSolution
		{9FB230A7-2FC4-4CB8-9BDD-4BBFB3C9A224}.Debug|Any CPU.ActiveCfg = Debug|Any CPU
		{9FB230A7-2FC4-4CB8-9BDD-4BBFB3C9A224}.Debug|Any CPU.Build.0 = Debug|Any CPU
		{9FB230A7-2FC4-4CB8-9BDD-4BBFB3C9A224}.Release|Any CPU.ActiveCfg = Release|Any CPU
		{9FB230A7-2FC4-4CB8-9BDD-4BBFB3C9A224}.Release|Any CPU.Build.0 = Release|Any CPU
	EndGlobalSection
EndGlobal
